
Microsoft Visual Studio Solution File, Format Version 12.00
# Visual Studio Version 16
VisualStudioVersion = 16.0.31729.503
MinimumVisualStudioVersion = 10.0.40219.1
Project("{FAE04EC0-301F-11D3-BF4B-00C04F79EFBC}") = "KOMBINATORIKA", "KOMBINATORIKA\KOMBINATORIKA.csproj", "{66B085B5-C7FF-4A7A-AA18-1E20D3D9E874}"
EndProject
Global
	GlobalSection(SolutionConfigurationPlatforms) = preSolution
		Debug|Any CPU = Debug|Any CPU
		Release|Any CPU = Release|Any CPU
	EndGlobalSection
	GlobalSection(ProjectConfigurationPlatforms) = postSolution
		{66B085B5-C7FF-4A7A-AA18-1E20D3D9E874}.Debug|Any CPU.ActiveCfg = Debug|Any CPU
		{66B085B5-C7FF-4A7A-AA18-1E20D3D9E874}.Debug|Any CPU.Build.0 = Debug|Any CPU
		{66B085B5-C7FF-4A7A-AA18-1E20D3D9E874}.Release|Any CPU.ActiveCfg = Release|Any CPU
		{66B085B5-C7FF-4A7A-AA18-1E20D3D9E874}.Release|Any CPU.Build.0 = Release|Any CPU
	EndGlobalSection
	GlobalSection(SolutionProperties) = preSolution
		HideSolutionNode = FALSE
	EndGlobalSection
	GlobalSection(ExtensibilityGlobals) = postSolution
		SolutionGuid = {A8D30737-2F20-43C6-A1F0-B929CF6A82C2}
	EndGlobalSection
EndGlobal
